
Microsoft Visual Studio Solution File, Format Version 12.00
# Visual Studio 15
VisualStudioVersion = 15.0.27130.2024
MinimumVisualStudioVersion = 10.0.40219.1
Project("{FAE04EC0-301F-11D3-BF4B-00C04F79EFBC}") = "RazorPagesMovie", "RazorPagesMovie\RazorPagesMovie.csproj", "{F2184396-CBA1-4D7A-84C8-AB00C608599D}"
EndProject
Global
	GlobalSection(SolutionConfigurationPlatforms) = preSolution
		Debug|Any CPU = Debug|Any CPU
		Release|Any CPU = Release|Any CPU
	EndGlobalSection
	GlobalSection(ProjectConfigurationPlatforms) = postSolution
		{F2184396-CBA1-4D7A-84C8-AB00C608599D}.Debug|Any CPU.ActiveCfg = Debug|Any CPU
		{F2184396-CBA1-4D7A-84C8-AB00C608599D}.Debug|Any CPU.Build.0 = Debug|Any CPU
		{F2184396-CBA1-4D7A-84C8-AB00C608599D}.Release|Any CPU.ActiveCfg = Release|Any CPU
		{F2184396-CBA1-4D7A-84C8-AB00C608599D}.Release|Any CPU.Build.0 = Release|Any CPU
	EndGlobalSection
	GlobalSection(SolutionProperties) = preSolution
		HideSolutionNode = FALSE
	EndGlobalSection
	GlobalSection(ExtensibilityGlobals) = postSolution
		SolutionGuid = {5119D399-DD42-42E0-932B-AFC2B2900999}
	EndGlobalSection
EndGlobal
